
Microsoft Visual Studio Solution File, Format Version 12.00
# Visual Studio Version 17
VisualStudioVersion = 17.5.33627.172
MinimumVisualStudioVersion = 10.0.40219.1
Project("{9A19103F-16F7-4668-BE54-9A1E7A4F7556}") = "Web", "Web\Web.csproj", "{5FB11F71-75E1-448A-8326-DC5E1FCCCF6C}"
EndProject
Project("{FAE04EC0-301F-11D3-BF4B-00C04F79EFBC}") = "Core", "Core\Core.csproj", "{4F7EB4E2-9370-44F8-9C73-E4BFB05F0B84}"
EndProject
Project("{FAE04EC0-301F-11D3-BF4B-00C04F79EFBC}") = "Infrastructure", "Infrastructure\Infrastructure.csproj", "{BA04D0AC-8C76-4C64-BFB3-4E7EA0D90B0A}"
EndProject
Global
	GlobalSection(SolutionConfigurationPlatforms) = preSolution
		Debug|Any CPU = Debug|Any CPU
		Release|Any CPU = Release|Any CPU
	EndGlobalSection
	GlobalSection(ProjectConfigurationPlatforms) = postSolution
		{5FB11F71-75E1-448A-8326-DC5E1FCCCF6C}.Debug|Any CPU.ActiveCfg = Debug|Any CPU
		{5FB11F71-75E1-448A-8326-DC5E1FCCCF6C}.Debug|Any CPU.Build.0 = Debug|Any CPU
		{5FB11F71-75E1-448A-8326-DC5E1FCCCF6C}.Release|Any CPU.ActiveCfg = Release|Any CPU
		{5FB11F71-75E1-448A-8326-DC5E1FCCCF6C}.Release|Any CPU.Build.0 = Release|Any CPU
		{4F7EB4E2-9370-44F8-9C73-E4BFB05F0B84}.Debug|Any CPU.ActiveCfg = Debug|Any CPU
		{4F7EB4E2-9370-44F8-9C73-E4BFB05F0B84}.Debug|Any CPU.Build.0 = Debug|Any CPU
		{4F7EB4E2-9370-44F8-9C73-E4BFB05F0B84}.Release|Any CPU.ActiveCfg = Release|Any CPU
		{4F7EB4E2-9370-44F8-9C73-E4BFB05F0B84}.Release|Any CPU.Build.0 = Release|Any CPU
		{BA04D0AC-8C76-4C64-BFB3-4E7EA0D90B0A}.Debug|Any CPU.ActiveCfg = Debug|Any CPU
		{BA04D0AC-8C76-4C64-BFB3-4E7EA0D90B0A}.Debug|Any CPU.Build.0 = Debug|Any CPU
		{BA04D0AC-8C76-4C64-BFB3-4E7EA0D90B0A}.Release|Any CPU.ActiveCfg = Release|Any CPU
		{BA04D0AC-8C76-4C64-BFB3-4E7EA0D90B0A}.Release|Any CPU.Build.0 = Release|Any CPU
	EndGlobalSection
	GlobalSection(SolutionProperties) = preSolution
		HideSolutionNode = FALSE
	EndGlobalSection
	GlobalSection(ExtensibilityGlobals) = postSolution
		SolutionGuid = {D3C7D7DF-25FF-4649-BE74-3768E75B279B}
	EndGlobalSection
EndGlobal
